---
lockfileVersion: '9.0'

importers:

  .:
    configDependencies: {}
    packageManagerDependencies:
      pnpm:
        specifier: 12.10.1
        version: 12.10.1

packages:

  '@pnpm/exe.android-arm64@12.10.1':
    resolution: {integrity: sha512-CVTlHPwNvadQCJD9bGSMzWIhFX8QpjtqC2c27dhdnn/9iKzEjZ3qL62o3gHpKbIuo6qn4WxTKRoaokgNdReBig==}
    cpu: [arm64]
    os: [android]

  '@pnpm/exe.android-x64@12.10.1':
    resolution: {integrity: sha512-NFiYLIaodY7da0XIebwcU3JoP7IK/lzF7zgKSSP+9H+QcFnQ1GDfBkuBKCYJzZ+Xu0WH54neIPLBBCaOjaaauA==}
    cpu: [x64]
    os: [android]

  '@pnpm/exe.darwin-arm64@12.10.1':
    resolution: {integrity: sha512-0O8tdQ8ijlPJudXspLMTcitMkdBEz6uUflazL5uQE0WMs85oQIp0U+5hfEktMFB64QqEhjqlvvujTwbzdr9oMg==}
    cpu: [arm64]
    os: [darwin]

  '@pnpm/exe.darwin-x64@12.10.1':
    resolution: {integrity: sha512-ud+1/uZOKEo8P/AsPynOJc/LNwfI0j6WwCElibj71rU9l4nIBnsSn+wWTIPZPkZ4BBSH5+82azSnAARMyJ1lNA==}
    cpu: [x64]
    os: [darwin]

  '@pnpm/exe.freebsd-x64@12.10.1':
    resolution: {integrity: sha512-mj9PE5rf8uAfQQ2K66HSATMSut+lNiB4eSqFd5+azFVCMnxNSy/32xpZQJT21PhnN3Y4qbK+iKHe5nWAxSuRhw==}
    cpu: [x64]
    os: [freebsd]

  '@pnpm/exe.linux-arm64-musl@12.10.1':
    resolution: {integrity: sha512-xba+00wZJ8Um6rBJJjWl88uJj0tydB8dtomvjlCLvi0uL32vpa9CRP8Vv26FIXvbiZ1bo2RCzYt/eChxJVV52w==}
    cpu: [arm64]
    os: [linux]
    libc: [musl]

  '@pnpm/exe.linux-arm64@12.10.1':
    resolution: {integrity: sha512-oBdMp69ScC9UnniG4qZAQVr2fBDSXjm4yk/72vkEVyrlwS23yMxcRQl7Qdo3sgXPAygY6TWnPRKm4rXzjoyW7w==}
    cpu: [arm64]
    os: [linux]
    libc: [glibc]

  '@pnpm/exe.linux-ppc64@12.10.1':
    resolution: {integrity: sha512-Yyb3wu09h3c7mLme270uHFiVaAIUHC411Ru9LIU2BKUIstrGlXa9OqqVWoXaRgYRdFdOFknkwG7GNn6ygwLbnw==}
    cpu: [ppc64]
    os: [linux]
    libc: [glibc]

  '@pnpm/exe.linux-riscv64@12.10.1':
    resolution: {integrity: sha512-PdkeUFFkybknnGkWP0H22eMpIiS4OZXL5BcQzF4lh+vmrW3IaC2HOkbANKgot/PKO0Kl77pzA/6PKFxgbgfXIQ==}
    cpu: [riscv64]
    os: [linux]
    libc: [glibc]

  '@pnpm/exe.linux-s390x@12.10.1':
    resolution: {integrity: sha512-1okKuHKJwJPAbofDxfhZWAUxEWtee4ZSf7Pah8kcvocaJkf2WxFJ5KVTiNIvDml5GLidDQsgf7Pcf/WHbCak7Q==}
    cpu: [s390x]
    os: [linux]
    libc: [glibc]

  '@pnpm/exe.linux-x64-musl@12.10.1':
    resolution: {integrity: sha512-e6IqzVNkPa7srFKJKnY23uWJ+qz0LaRWiTUo/sHfFXRRMRzB5uNOr6qWWip/jqhdGwU91n9J7LrEYZ6e0tRczw==}
    cpu: [x64]
    os: [linux]
    libc: [musl]

  '@pnpm/exe.linux-x64@12.10.1':
    resolution: {integrity: sha512-ZByV0DRgWzGaDSjT5ddRBASdwz+r/qPMYh7o6RGmPQjtRGNFbSl94xY2DcAM8mqCOZJUUDtAXQ+wpBXcdpKlkg==}
    cpu: [x64]
    os: [linux]
    libc: [glibc]

  '@pnpm/exe.win32-arm64@12.10.1':
    resolution: {integrity: sha512-I7QZHcjioG7orFeCRUFUHByJ1G0zFPnAlaGGyrUvb6MGkv5oeNwNPl7t+Gp+7zHfnMcgLGJ1a+Wfim0IDw3lOw==}
    cpu: [arm64]
    os: [win32]

  '@pnpm/exe.win32-x64@12.10.1':
    resolution: {integrity: sha512-4WJFdp58EKlCj0zLobrXU0vpszSZIr4X/3y/uNbAQqGW0zE+VdruZB0gFc3L2kzsUzVwTYbaCn+XEhnCYSAlTg==}
    cpu: [x64]
    os: [win32]

  pnpm@12.10.1:
    resolution: {integrity: sha512-ukCjfrGjcNYP6oxM8dNkwTvMzvUY6YrSvO6VT1OdONo3RY5YJho/pV4GUjRQ6g//+fSXsTW+QfLBXBZCusrObA==}
    engines: {node: '>=18.*'}
    hasBin: true

snapshots:

  '@pnpm/exe.android-arm64@12.10.1':
    optional: true

  '@pnpm/exe.android-x64@12.10.1':
    optional: true

  '@pnpm/exe.darwin-arm64@12.10.1':
    optional: true

  '@pnpm/exe.darwin-x64@12.10.1':
    optional: true

  '@pnpm/exe.freebsd-x64@12.10.1':
    optional: true

  '@pnpm/exe.linux-arm64-musl@12.10.1':
    optional: true

  '@pnpm/exe.linux-arm64@12.10.1':
    optional: true

  '@pnpm/exe.linux-ppc64@12.10.1':
    optional: true

  '@pnpm/exe.linux-riscv64@12.10.1':
    optional: true

  '@pnpm/exe.linux-s390x@12.10.1':
    optional: true

  '@pnpm/exe.linux-x64-musl@12.10.1':
    optional: true

  '@pnpm/exe.linux-x64@12.10.1':
    optional: true

  '@pnpm/exe.win32-arm64@12.10.1':
    optional: true

  '@pnpm/exe.win32-x64@12.10.1':
    optional: true

  pnpm@12.10.1:
    optionalDependencies:
      '@pnpm/exe.android-arm64': 12.10.1
      '@pnpm/exe.android-x64': 12.10.1
      '@pnpm/exe.darwin-arm64': 12.10.1
      '@pnpm/exe.darwin-x64': 12.10.1
      '@pnpm/exe.freebsd-x64': 12.10.1
      '@pnpm/exe.linux-arm64': 12.10.1
      '@pnpm/exe.linux-arm64-musl': 12.10.1
      '@pnpm/exe.linux-ppc64': 12.10.1
      '@pnpm/exe.linux-riscv64': 12.10.1
      '@pnpm/exe.linux-s390x': 12.10.1
      '@pnpm/exe.linux-x64': 12.10.1
      '@pnpm/exe.linux-x64-musl': 12.10.1
      '@pnpm/exe.win32-arm64': 12.10.1
      '@pnpm/exe.win32-x64': 12.10.1

---
lockfileVersion: '9.0'

settings:
  autoInstallPeers: true
  excludeLinksFromLockfile: false

importers:

  .:
    dependencies:
      '@fortawesome/fontawesome-free':
        specifier: ^7.0.0
        version: 7.3.1
      '@material-symbols/svg-400':
        specifier: ^0.47.0
        version: 0.47.5
      '@primer/octicons':
        specifier: ^19.15.1
        version: 19.38.0

packages:

  '@fortawesome/fontawesome-free@7.3.1':
    resolution: {integrity: sha512-wmglKKPDIkgV3aWlZzWECCPoGIkYCulzBwxG9+w7rc5BGapZ6cPMpoPOT8k36J0Ni7PPX6c/rsoMWfS4d1MUMg==}
    engines: {node: '>=6'}

  '@material-symbols/svg-400@0.47.5':
    resolution: {integrity: sha512-5AHuernGbTq1uq0YDb16QabESAaiYdqgDsDqF3Nk5usqP8pEeE5Nrt11jSs4/A/D7kOz5Ci6xyXMS/DsaxY/rw==}

  '@primer/octicons@19.38.0':
    resolution: {integrity: sha512-YUU2R66aDm72CdjlTyD663sCAjILrHWK2czw+BdTUkzZfcB7bXfO6GNXm22sepLOWKPkLHezVjIHch/KNd8rMg==}

  object-assign@4.1.1:
    resolution: {integrity: sha512-rJgTQnkUnH1sFw8yT6VSU3zD3sWmu6sZhIseY8VX+GRu3P6F7Fu+JNDoXfklElbLJSnc3FUQHVe4cU5hj+BcUg==}
    engines: {node: '>=0.10.0'}

snapshots:

  '@fortawesome/fontawesome-free@7.3.1': {}

  '@material-symbols/svg-400@0.47.5': {}

  '@primer/octicons@19.38.0':
    dependencies:
      object-assign: 4.1.1

  object-assign@4.1.1: {}
