lockfileVersion: '9.0'

settings:
  autoInstallPeers: true
  excludeLinksFromLockfile: false

importers:

  .:
    dependencies:
      '@fortawesome/fontawesome-free':
        specifier: ^6.7.2
        version: 6.7.2
      '@material-symbols/svg-400':
        specifier: ^0.45.0
        version: 0.45.4
      '@primer/octicons':
        specifier: ^19.15.1
        version: 19.28.1

packages:

  '@fortawesome/fontawesome-free@6.7.2':
    resolution: {integrity: sha512-JUOtgFW6k9u4Y+xeIaEiLr3+cjoUPiAuLXoyKOJSia6Duzb7pq+A76P9ZdPDoAoxHdHzq6gE9/jKBGXlZT8FbA==}
    engines: {node: '>=6'}

  '@material-symbols/svg-400@0.45.4':
    resolution: {integrity: sha512-xVWG2K0MryMr6Ga0t1GXb0rseREUzGTZE3yqydVXk9zp5JscHyPO7VxfaXp504gouGVcQfs36Mbgo8/ClQF/zQ==}

  '@primer/octicons@19.28.1':
    resolution: {integrity: sha512-pwSilXmgNrbVF2bChkh4zZtUyb4Vr4niYhA9PhUdtjVz86A2iwA/YjjopHS0suT+I7niUZJEepEpmSC7kARKNQ==}

  object-assign@4.1.1:
    resolution: {integrity: sha512-rJgTQnkUnH1sFw8yT6VSU3zD3sWmu6sZhIseY8VX+GRu3P6F7Fu+JNDoXfklElbLJSnc3FUQHVe4cU5hj+BcUg==}
    engines: {node: '>=0.10.0'}

snapshots:

  '@fortawesome/fontawesome-free@6.7.2': {}

  '@material-symbols/svg-400@0.45.4': {}

  '@primer/octicons@19.28.1':
    dependencies:
      object-assign: 4.1.1

  object-assign@4.1.1: {}
