lockfileVersion: '9.0'

settings:
  autoInstallPeers: true
  excludeLinksFromLockfile: false

importers:

  .:
    dependencies:
      '@fortawesome/fontawesome-free':
        specifier: ^7.0.0
        version: 7.3.0
      '@material-symbols/svg-400':
        specifier: ^0.45.0
        version: 0.45.5
      '@primer/octicons':
        specifier: ^19.15.1
        version: 19.29.1

packages:

  '@fortawesome/fontawesome-free@7.3.0':
    resolution: {integrity: sha512-Yw4Qa43P6e4Xwh0TwEUkHQNRJInWaqIBo73VJmns3j2AIlZPAvUcR4yGIxCPqPRCgyJ5KIVIalF/I1GxhZ/Kgw==}
    engines: {node: '>=6'}

  '@material-symbols/svg-400@0.45.5':
    resolution: {integrity: sha512-0iwoWUGQPCwI/HDxOrl5BSI0T3dHDDNoKhkSgL9TrKkgAcWNHT3+NawaLBc4XTMMX4+obSy2CegX8FfOQHukng==}

  '@primer/octicons@19.29.1':
    resolution: {integrity: sha512-XVRArUP8bN+IEjfNQSquXAJinVqAWRx36sVvhN5VzC+gOLfbx16EfFFvcFhSVaqQJ+57PjBrbj75oqm8VlOoYQ==}

  object-assign@4.1.1:
    resolution: {integrity: sha512-rJgTQnkUnH1sFw8yT6VSU3zD3sWmu6sZhIseY8VX+GRu3P6F7Fu+JNDoXfklElbLJSnc3FUQHVe4cU5hj+BcUg==}
    engines: {node: '>=0.10.0'}

snapshots:

  '@fortawesome/fontawesome-free@7.3.0': {}

  '@material-symbols/svg-400@0.45.5': {}

  '@primer/octicons@19.29.1':
    dependencies:
      object-assign: 4.1.1

  object-assign@4.1.1: {}
